
Microsoft Visual Studio Solution File, Format Version 12.00
# Visual Studio 15
VisualStudioVersion = 15.0.26730.16
MinimumVisualStudioVersion = 10.0.40219.1
Project("{2150E333-8FDC-42A3-9474-1A3956D46DE8}") = "PAL", "PAL", "{3C567E0B-D4B5-4C8C-B11D-D574355EA3AB}"
EndProject
Project("{2150E333-8FDC-42A3-9474-1A3956D46DE8}") = "BAL", "BAL", "{623DA544-D9C6-4E4A-9E00-591F0052F4D2}"
EndProject
Project("{2150E333-8FDC-42A3-9474-1A3956D46DE8}") = "DAL", "DAL", "{05FB3A5A-2181-4133-9CC5-13F835CE3BB9}"
EndProject
Project("{FAE04EC0-301F-11D3-BF4B-00C04F79EFBC}") = "FaceAPI", "FaceAPI\FaceAPI.csproj", "{1102AAC1-96AD-443E-A96B-59101FBF8888}"
EndProject
Project("{FAE04EC0-301F-11D3-BF4B-00C04F79EFBC}") = "EmotionAPI", "EmotionAPI\EmotionAPI.csproj", "{06964288-9FC4-45EF-9FCA-686D09881CC7}"
EndProject
Project("{FAE04EC0-301F-11D3-BF4B-00C04F79EFBC}") = "ComputerVisionAPI", "ComputerVisionAPI\ComputerVisionAPI.csproj", "{85766621-8AC0-47A7-926B-956E0F9D1479}"
EndProject
Project("{FAE04EC0-301F-11D3-BF4B-00C04F79EFBC}") = "VideoAPI", "VideoAPI\VideoAPI.csproj", "{8FD898AC-3312-4147-8B09-BFAFF7CBE337}"
EndProject
Project("{FAE04EC0-301F-11D3-BF4B-00C04F79EFBC}") = "BingSpeechAPI", "BingSpeechAPI\BingSpeechAPI.csproj", "{C432FB25-ABAA-460A-9979-D207E658F20D}"
EndProject
Project("{FAE04EC0-301F-11D3-BF4B-00C04F79EFBC}") = "SpeakerRecognitionAPI", "SpeakerRecognitionAPI\SpeakerRecognitionAPI.csproj", "{2F44E91C-A87A-4F94-9F1D-038DB8AA637F}"
EndProject
Project("{FAE04EC0-301F-11D3-BF4B-00C04F79EFBC}") = "CustomRecognitionAPI", "CustomRecognitionAPI\CustomRecognitionAPI.csproj", "{2CB78573-FF5B-4719-BCB1-2F44D9CA5A6C}"
EndProject
Project("{FAE04EC0-301F-11D3-BF4B-00C04F79EFBC}") = "BingSpellCheckAPI", "BingSpellCheckAPI\BingSpellCheckAPI.csproj", "{014D781C-1B9C-4D25-BE91-A9903FAA4A18}"
EndProject
Project("{FAE04EC0-301F-11D3-BF4B-00C04F79EFBC}") = "LUISAPI", "LUISAPI\LUISAPI.csproj", "{4F4B0082-B82F-4FA5-9AA2-C3EE7C472E0B}"
EndProject
Project("{FAE04EC0-301F-11D3-BF4B-00C04F79EFBC}") = "LinguisticAnalysisAPI", "LinguisticAnalysisAPI\LinguisticAnalysisAPI.csproj", "{319D7537-1EC4-4821-BB3F-C5AC0475DC90}"
EndProject
Project("{FAE04EC0-301F-11D3-BF4B-00C04F79EFBC}") = "TextAnalysisAPI", "TextAnalysisAPI\TextAnalysisAPI.csproj", "{EC3E83DB-3CD1-40DD-BFD4-9915E0E8FFCA}"
EndProject
Project("{FAE04EC0-301F-11D3-BF4B-00C04F79EFBC}") = "WebLanguageModelAPI", "WebLanguageModelAPI\WebLanguageModelAPI.csproj", "{E50D7088-806A-459C-B15F-C0A313316C79}"
EndProject
Project("{FAE04EC0-301F-11D3-BF4B-00C04F79EFBC}") = "AcademicKnowledgeAPI", "AcademicKnowledgeAPI\AcademicKnowledgeAPI.csproj", "{3C1733BB-0827-423C-B0EB-4D36A9728553}"
EndProject
Project("{FAE04EC0-301F-11D3-BF4B-00C04F79EFBC}") = "EntityLinkingAPI", "EntityLinkingAPI\EntityLinkingAPI.csproj", "{9F67DB65-79EF-4D9E-A457-329FC9B1DB65}"
EndProject
Project("{FAE04EC0-301F-11D3-BF4B-00C04F79EFBC}") = "KnowledgeExplorationAPI", "KnowledgeExplorationAPI\KnowledgeExplorationAPI.csproj", "{42D403FE-5BCF-4164-8161-41596FA518F1}"
EndProject
Project("{FAE04EC0-301F-11D3-BF4B-00C04F79EFBC}") = "RecommendationsAPI", "RecommendationsAPI\RecommendationsAPI.csproj", "{9A0876CC-57F7-4305-AAD3-0F26083C553C}"
EndProject
Project("{FAE04EC0-301F-11D3-BF4B-00C04F79EFBC}") = "BingWebSearchAPI", "BingWebSearchAPI\BingWebSearchAPI.csproj", "{7DC59D03-C1D5-43E8-9A0F-D1982E435A6E}"
EndProject
Project("{FAE04EC0-301F-11D3-BF4B-00C04F79EFBC}") = "BingImageSearchAPI", "BingImageSearchAPI\BingImageSearchAPI.csproj", "{90C381D6-60C2-42E5-9910-2FE5A50CA4EB}"
EndProject
Project("{FAE04EC0-301F-11D3-BF4B-00C04F79EFBC}") = "BingVideoSearchAPI", "BingVideoSearchAPI\BingVideoSearchAPI.csproj", "{3ACBBEC6-2736-4882-A10F-E1E4192B421A}"
EndProject
Project("{FAE04EC0-301F-11D3-BF4B-00C04F79EFBC}") = "BingNewsSearchAPI", "BingNewsSearchAPI\BingNewsSearchAPI.csproj", "{56EF109F-5894-46D1-B081-E5CE9E68FAF5}"
EndProject
Project("{FAE04EC0-301F-11D3-BF4B-00C04F79EFBC}") = "BingAutosuggestAPI", "BingAutosuggestAPI\BingAutosuggestAPI.csproj", "{DC16537F-C2A9-4342-B9E9-F521BEAAEA4E}"
EndProject
Project("{FAE04EC0-301F-11D3-BF4B-00C04F79EFBC}") = "Calculator", "Calculator\Calculator.csproj", "{C279EEBE-7769-4D89-B731-45DBBC5997F3}"
EndProject
Project("{FAE04EC0-301F-11D3-BF4B-00C04F79EFBC}") = "CalculatorTests", "CalculatorTests\CalculatorTests.csproj", "{3D4D1E5D-366B-43F1-8663-91BD543F5C5E}"
EndProject
Project("{FAE04EC0-301F-11D3-BF4B-00C04F79EFBC}") = "ConnectionManager", "ConnectionManager\ConnectionManager.csproj", "{5E77C71B-C2DF-43D8-9CCC-420625899E0F}"
EndProject
Project("{FAE04EC0-301F-11D3-BF4B-00C04F79EFBC}") = "ByteConverter", "ByteConverter\ByteConverter.csproj", "{03CDC407-352F-4AE2-8D5C-0A5B790DA3A8}"
EndProject
Project("{FAE04EC0-301F-11D3-BF4B-00C04F79EFBC}") = "FaceAPITests", "FaceAPITests\FaceAPITests.csproj", "{08C483BC-C61A-4963-84F8-DBA47DD22DA8}"
EndProject
Project("{FAE04EC0-301F-11D3-BF4B-00C04F79EFBC}") = "Gilliland_FaceDetection", "Gilliland_FaceDetection\Gilliland_FaceDetection.csproj", "{D45347EA-9118-4D92-8792-FBE9885F4AA0}"
EndProject
Project("{FAE04EC0-301F-11D3-BF4B-00C04F79EFBC}") = "Gilliland_FaceRecognition", "Gilliland_FaceRecognition\Gilliland_FaceRecognition.csproj", "{4AAB5CEC-073C-4BDA-971F-270324E3C75D}"
EndProject
Project("{FAE04EC0-301F-11D3-BF4B-00C04F79EFBC}") = "ComputerVisionAPITests", "ComputerVisionAPITests\ComputerVisionAPITests.csproj", "{3FDC58F0-4D58-4075-91F3-6E9A9029A574}"
EndProject
Project("{FAE04EC0-301F-11D3-BF4B-00C04F79EFBC}") = "Gilliland_TextReader", "Gilliland_TextReader\Gilliland_TextReader.csproj", "{F247AD39-234C-4179-98E2-7F85995EC8E3}"
EndProject
Project("{FAE04EC0-301F-11D3-BF4B-00C04F79EFBC}") = "Gilliland_Intentv2", "Gilliland_Intentv2\Gilliland_Intentv2.csproj", "{BF281EF1-51AE-485C-9CE7-E9C51B5ECE8E}"
EndProject
Project("{FAE04EC0-301F-11D3-BF4B-00C04F79EFBC}") = "LUISAPITests", "LUISAPITests\LUISAPITests.csproj", "{D69A6FD6-09BC-457F-8016-9E644D3B99BE}"
EndProject
Project("{FAE04EC0-301F-11D3-BF4B-00C04F79EFBC}") = "Gilliland_SpeachToText", "Gilliland_SpeachToText\Gilliland_SpeachToText.csproj", "{4270E231-DEA9-4A89-A967-784BF3041EF4}"
EndProject
Project("{FAE04EC0-301F-11D3-BF4B-00C04F79EFBC}") = "Gilliland_Sentiment", "Gilliland_Sentiment\Gilliland_Sentiment.csproj", "{D2D6615B-C407-44D4-AEE7-7FC50BB57B01}"
EndProject
Global
	GlobalSection(SolutionConfigurationPlatforms) = preSolution
		Debug|Any CPU = Debug|Any CPU
		Release|Any CPU = Release|Any CPU
	EndGlobalSection
	GlobalSection(ProjectConfigurationPlatforms) = postSolution
		{1102AAC1-96AD-443E-A96B-59101FBF8888}.Debug|Any CPU.ActiveCfg = Debug|Any CPU
		{1102AAC1-96AD-443E-A96B-59101FBF8888}.Release|Any CPU.ActiveCfg = Release|Any CPU
		{1102AAC1-96AD-443E-A96B-59101FBF8888}.Release|Any CPU.Build.0 = Release|Any CPU
		{06964288-9FC4-45EF-9FCA-686D09881CC7}.Debug|Any CPU.ActiveCfg = Debug|Any CPU
		{06964288-9FC4-45EF-9FCA-686D09881CC7}.Release|Any CPU.ActiveCfg = Release|Any CPU
		{06964288-9FC4-45EF-9FCA-686D09881CC7}.Release|Any CPU.Build.0 = Release|Any CPU
		{85766621-8AC0-47A7-926B-956E0F9D1479}.Debug|Any CPU.ActiveCfg = Debug|Any CPU
		{85766621-8AC0-47A7-926B-956E0F9D1479}.Release|Any CPU.ActiveCfg = Release|Any CPU
		{85766621-8AC0-47A7-926B-956E0F9D1479}.Release|Any CPU.Build.0 = Release|Any CPU
		{8FD898AC-3312-4147-8B09-BFAFF7CBE337}.Debug|Any CPU.ActiveCfg = Debug|Any CPU
		{8FD898AC-3312-4147-8B09-BFAFF7CBE337}.Release|Any CPU.ActiveCfg = Release|Any CPU
		{8FD898AC-3312-4147-8B09-BFAFF7CBE337}.Release|Any CPU.Build.0 = Release|Any CPU
		{C432FB25-ABAA-460A-9979-D207E658F20D}.Debug|Any CPU.ActiveCfg = Debug|Any CPU
		{C432FB25-ABAA-460A-9979-D207E658F20D}.Release|Any CPU.ActiveCfg = Release|Any CPU
		{C432FB25-ABAA-460A-9979-D207E658F20D}.Release|Any CPU.Build.0 = Release|Any CPU
		{2F44E91C-A87A-4F94-9F1D-038DB8AA637F}.Debug|Any CPU.ActiveCfg = Debug|Any CPU
		{2F44E91C-A87A-4F94-9F1D-038DB8AA637F}.Release|Any CPU.ActiveCfg = Release|Any CPU
		{2F44E91C-A87A-4F94-9F1D-038DB8AA637F}.Release|Any CPU.Build.0 = Release|Any CPU
		{2CB78573-FF5B-4719-BCB1-2F44D9CA5A6C}.Debug|Any CPU.ActiveCfg = Debug|Any CPU
		{2CB78573-FF5B-4719-BCB1-2F44D9CA5A6C}.Release|Any CPU.ActiveCfg = Release|Any CPU
		{2CB78573-FF5B-4719-BCB1-2F44D9CA5A6C}.Release|Any CPU.Build.0 = Release|Any CPU
		{014D781C-1B9C-4D25-BE91-A9903FAA4A18}.Debug|Any CPU.ActiveCfg = Debug|Any CPU
		{014D781C-1B9C-4D25-BE91-A9903FAA4A18}.Release|Any CPU.ActiveCfg = Release|Any CPU
		{014D781C-1B9C-4D25-BE91-A9903FAA4A18}.Release|Any CPU.Build.0 = Release|Any CPU
		{4F4B0082-B82F-4FA5-9AA2-C3EE7C472E0B}.Debug|Any CPU.ActiveCfg = Debug|Any CPU
		{4F4B0082-B82F-4FA5-9AA2-C3EE7C472E0B}.Release|Any CPU.ActiveCfg = Release|Any CPU
		{4F4B0082-B82F-4FA5-9AA2-C3EE7C472E0B}.Release|Any CPU.Build.0 = Release|Any CPU
		{319D7537-1EC4-4821-BB3F-C5AC0475DC90}.Debug|Any CPU.ActiveCfg = Debug|Any CPU
		{319D7537-1EC4-4821-BB3F-C5AC0475DC90}.Release|Any CPU.ActiveCfg = Release|Any CPU
		{319D7537-1EC4-4821-BB3F-C5AC0475DC90}.Release|Any CPU.Build.0 = Release|Any CPU
		{EC3E83DB-3CD1-40DD-BFD4-9915E0E8FFCA}.Debug|Any CPU.ActiveCfg = Debug|Any CPU
		{EC3E83DB-3CD1-40DD-BFD4-9915E0E8FFCA}.Debug|Any CPU.Build.0 = Debug|Any CPU
		{EC3E83DB-3CD1-40DD-BFD4-9915E0E8FFCA}.Release|Any CPU.ActiveCfg = Release|Any CPU
		{EC3E83DB-3CD1-40DD-BFD4-9915E0E8FFCA}.Release|Any CPU.Build.0 = Release|Any CPU
		{E50D7088-806A-459C-B15F-C0A313316C79}.Debug|Any CPU.ActiveCfg = Debug|Any CPU
		{E50D7088-806A-459C-B15F-C0A313316C79}.Release|Any CPU.ActiveCfg = Release|Any CPU
		{E50D7088-806A-459C-B15F-C0A313316C79}.Release|Any CPU.Build.0 = Release|Any CPU
		{3C1733BB-0827-423C-B0EB-4D36A9728553}.Debug|Any CPU.ActiveCfg = Debug|Any CPU
		{3C1733BB-0827-423C-B0EB-4D36A9728553}.Release|Any CPU.ActiveCfg = Release|Any CPU
		{3C1733BB-0827-423C-B0EB-4D36A9728553}.Release|Any CPU.Build.0 = Release|Any CPU
		{9F67DB65-79EF-4D9E-A457-329FC9B1DB65}.Debug|Any CPU.ActiveCfg = Debug|Any CPU
		{9F67DB65-79EF-4D9E-A457-329FC9B1DB65}.Release|Any CPU.ActiveCfg = Release|Any CPU
		{9F67DB65-79EF-4D9E-A457-329FC9B1DB65}.Release|Any CPU.Build.0 = Release|Any CPU
		{42D403FE-5BCF-4164-8161-41596FA518F1}.Debug|Any CPU.ActiveCfg = Debug|Any CPU
		{42D403FE-5BCF-4164-8161-41596FA518F1}.Release|Any CPU.ActiveCfg = Release|Any CPU
		{42D403FE-5BCF-4164-8161-41596FA518F1}.Release|Any CPU.Build.0 = Release|Any CPU
		{9A0876CC-57F7-4305-AAD3-0F26083C553C}.Debug|Any CPU.ActiveCfg = Debug|Any CPU
		{9A0876CC-57F7-4305-AAD3-0F26083C553C}.Release|Any CPU.ActiveCfg = Release|Any CPU
		{9A0876CC-57F7-4305-AAD3-0F26083C553C}.Release|Any CPU.Build.0 = Release|Any CPU
		{7DC59D03-C1D5-43E8-9A0F-D1982E435A6E}.Debug|Any CPU.ActiveCfg = Debug|Any CPU
		{7DC59D03-C1D5-43E8-9A0F-D1982E435A6E}.Release|Any CPU.ActiveCfg = Release|Any CPU
		{7DC59D03-C1D5-43E8-9A0F-D1982E435A6E}.Release|Any CPU.Build.0 = Release|Any CPU
		{90C381D6-60C2-42E5-9910-2FE5A50CA4EB}.Debug|Any CPU.ActiveCfg = Debug|Any CPU
		{90C381D6-60C2-42E5-9910-2FE5A50CA4EB}.Release|Any CPU.ActiveCfg = Release|Any CPU
		{90C381D6-60C2-42E5-9910-2FE5A50CA4EB}.Release|Any CPU.Build.0 = Release|Any CPU
		{3ACBBEC6-2736-4882-A10F-E1E4192B421A}.Debug|Any CPU.ActiveCfg = Debug|Any CPU
		{3ACBBEC6-2736-4882-A10F-E1E4192B421A}.Release|Any CPU.ActiveCfg = Release|Any CPU
		{3ACBBEC6-2736-4882-A10F-E1E4192B421A}.Release|Any CPU.Build.0 = Release|Any CPU
		{56EF109F-5894-46D1-B081-E5CE9E68FAF5}.Debug|Any CPU.ActiveCfg = Debug|Any CPU
		{56EF109F-5894-46D1-B081-E5CE9E68FAF5}.Release|Any CPU.ActiveCfg = Release|Any CPU
		{56EF109F-5894-46D1-B081-E5CE9E68FAF5}.Release|Any CPU.Build.0 = Release|Any CPU
		{DC16537F-C2A9-4342-B9E9-F521BEAAEA4E}.Debug|Any CPU.ActiveCfg = Debug|Any CPU
		{DC16537F-C2A9-4342-B9E9-F521BEAAEA4E}.Release|Any CPU.ActiveCfg = Release|Any CPU
		{DC16537F-C2A9-4342-B9E9-F521BEAAEA4E}.Release|Any CPU.Build.0 = Release|Any CPU
		{C279EEBE-7769-4D89-B731-45DBBC5997F3}.Debug|Any CPU.ActiveCfg = Debug|Any CPU
		{C279EEBE-7769-4D89-B731-45DBBC5997F3}.Release|Any CPU.ActiveCfg = Release|Any CPU
		{C279EEBE-7769-4D89-B731-45DBBC5997F3}.Release|Any CPU.Build.0 = Release|Any CPU
		{3D4D1E5D-366B-43F1-8663-91BD543F5C5E}.Debug|Any CPU.ActiveCfg = Debug|Any CPU
		{3D4D1E5D-366B-43F1-8663-91BD543F5C5E}.Release|Any CPU.ActiveCfg = Release|Any CPU
		{3D4D1E5D-366B-43F1-8663-91BD543F5C5E}.Release|Any CPU.Build.0 = Release|Any CPU
		{5E77C71B-C2DF-43D8-9CCC-420625899E0F}.Debug|Any CPU.ActiveCfg = Debug|Any CPU
		{5E77C71B-C2DF-43D8-9CCC-420625899E0F}.Debug|Any CPU.Build.0 = Debug|Any CPU
		{5E77C71B-C2DF-43D8-9CCC-420625899E0F}.Release|Any CPU.ActiveCfg = Release|Any CPU
		{5E77C71B-C2DF-43D8-9CCC-420625899E0F}.Release|Any CPU.Build.0 = Release|Any CPU
		{03CDC407-352F-4AE2-8D5C-0A5B790DA3A8}.Debug|Any CPU.ActiveCfg = Debug|Any CPU
		{03CDC407-352F-4AE2-8D5C-0A5B790DA3A8}.Debug|Any CPU.Build.0 = Debug|Any CPU
		{03CDC407-352F-4AE2-8D5C-0A5B790DA3A8}.Release|Any CPU.ActiveCfg = Release|Any CPU
		{03CDC407-352F-4AE2-8D5C-0A5B790DA3A8}.Release|Any CPU.Build.0 = Release|Any CPU
		{08C483BC-C61A-4963-84F8-DBA47DD22DA8}.Debug|Any CPU.ActiveCfg = Debug|Any CPU
		{08C483BC-C61A-4963-84F8-DBA47DD22DA8}.Release|Any CPU.ActiveCfg = Release|Any CPU
		{08C483BC-C61A-4963-84F8-DBA47DD22DA8}.Release|Any CPU.Build.0 = Release|Any CPU
		{D45347EA-9118-4D92-8792-FBE9885F4AA0}.Debug|Any CPU.ActiveCfg = Debug|Any CPU
		{D45347EA-9118-4D92-8792-FBE9885F4AA0}.Release|Any CPU.ActiveCfg = Release|Any CPU
		{D45347EA-9118-4D92-8792-FBE9885F4AA0}.Release|Any CPU.Build.0 = Release|Any CPU
		{4AAB5CEC-073C-4BDA-971F-270324E3C75D}.Debug|Any CPU.ActiveCfg = Debug|Any CPU
		{4AAB5CEC-073C-4BDA-971F-270324E3C75D}.Release|Any CPU.ActiveCfg = Release|Any CPU
		{4AAB5CEC-073C-4BDA-971F-270324E3C75D}.Release|Any CPU.Build.0 = Release|Any CPU
		{3FDC58F0-4D58-4075-91F3-6E9A9029A574}.Debug|Any CPU.ActiveCfg = Debug|Any CPU
		{3FDC58F0-4D58-4075-91F3-6E9A9029A574}.Release|Any CPU.ActiveCfg = Release|Any CPU
		{3FDC58F0-4D58-4075-91F3-6E9A9029A574}.Release|Any CPU.Build.0 = Release|Any CPU
		{F247AD39-234C-4179-98E2-7F85995EC8E3}.Debug|Any CPU.ActiveCfg = Debug|Any CPU
		{F247AD39-234C-4179-98E2-7F85995EC8E3}.Release|Any CPU.ActiveCfg = Release|Any CPU
		{F247AD39-234C-4179-98E2-7F85995EC8E3}.Release|Any CPU.Build.0 = Release|Any CPU
		{BF281EF1-51AE-485C-9CE7-E9C51B5ECE8E}.Debug|Any CPU.ActiveCfg = Debug|Any CPU
		{BF281EF1-51AE-485C-9CE7-E9C51B5ECE8E}.Release|Any CPU.ActiveCfg = Release|Any CPU
		{BF281EF1-51AE-485C-9CE7-E9C51B5ECE8E}.Release|Any CPU.Build.0 = Release|Any CPU
		{D69A6FD6-09BC-457F-8016-9E644D3B99BE}.Debug|Any CPU.ActiveCfg = Debug|Any CPU
		{D69A6FD6-09BC-457F-8016-9E644D3B99BE}.Release|Any CPU.ActiveCfg = Release|Any CPU
		{D69A6FD6-09BC-457F-8016-9E644D3B99BE}.Release|Any CPU.Build.0 = Release|Any CPU
		{4270E231-DEA9-4A89-A967-784BF3041EF4}.Debug|Any CPU.ActiveCfg = Debug|Any CPU
		{4270E231-DEA9-4A89-A967-784BF3041EF4}.Release|Any CPU.ActiveCfg = Release|Any CPU
		{4270E231-DEA9-4A89-A967-784BF3041EF4}.Release|Any CPU.Build.0 = Release|Any CPU
		{D2D6615B-C407-44D4-AEE7-7FC50BB57B01}.Debug|Any CPU.ActiveCfg = Debug|Any CPU
		{D2D6615B-C407-44D4-AEE7-7FC50BB57B01}.Debug|Any CPU.Build.0 = Debug|Any CPU
		{D2D6615B-C407-44D4-AEE7-7FC50BB57B01}.Release|Any CPU.ActiveCfg = Release|Any CPU
		{D2D6615B-C407-44D4-AEE7-7FC50BB57B01}.Release|Any CPU.Build.0 = Release|Any CPU
	EndGlobalSection
	GlobalSection(SolutionProperties) = preSolution
		HideSolutionNode = FALSE
	EndGlobalSection
	GlobalSection(NestedProjects) = preSolution
		{1102AAC1-96AD-443E-A96B-59101FBF8888} = {623DA544-D9C6-4E4A-9E00-591F0052F4D2}
		{06964288-9FC4-45EF-9FCA-686D09881CC7} = {623DA544-D9C6-4E4A-9E00-591F0052F4D2}
		{85766621-8AC0-47A7-926B-956E0F9D1479} = {623DA544-D9C6-4E4A-9E00-591F0052F4D2}
		{8FD898AC-3312-4147-8B09-BFAFF7CBE337} = {623DA544-D9C6-4E4A-9E00-591F0052F4D2}
		{C432FB25-ABAA-460A-9979-D207E658F20D} = {623DA544-D9C6-4E4A-9E00-591F0052F4D2}
		{2F44E91C-A87A-4F94-9F1D-038DB8AA637F} = {623DA544-D9C6-4E4A-9E00-591F0052F4D2}
		{2CB78573-FF5B-4719-BCB1-2F44D9CA5A6C} = {623DA544-D9C6-4E4A-9E00-591F0052F4D2}
		{014D781C-1B9C-4D25-BE91-A9903FAA4A18} = {623DA544-D9C6-4E4A-9E00-591F0052F4D2}
		{4F4B0082-B82F-4FA5-9AA2-C3EE7C472E0B} = {623DA544-D9C6-4E4A-9E00-591F0052F4D2}
		{319D7537-1EC4-4821-BB3F-C5AC0475DC90} = {623DA544-D9C6-4E4A-9E00-591F0052F4D2}
		{EC3E83DB-3CD1-40DD-BFD4-9915E0E8FFCA} = {623DA544-D9C6-4E4A-9E00-591F0052F4D2}
		{E50D7088-806A-459C-B15F-C0A313316C79} = {623DA544-D9C6-4E4A-9E00-591F0052F4D2}
		{3C1733BB-0827-423C-B0EB-4D36A9728553} = {623DA544-D9C6-4E4A-9E00-591F0052F4D2}
		{9F67DB65-79EF-4D9E-A457-329FC9B1DB65} = {623DA544-D9C6-4E4A-9E00-591F0052F4D2}
		{42D403FE-5BCF-4164-8161-41596FA518F1} = {623DA544-D9C6-4E4A-9E00-591F0052F4D2}
		{9A0876CC-57F7-4305-AAD3-0F26083C553C} = {623DA544-D9C6-4E4A-9E00-591F0052F4D2}
		{7DC59D03-C1D5-43E8-9A0F-D1982E435A6E} = {623DA544-D9C6-4E4A-9E00-591F0052F4D2}
		{90C381D6-60C2-42E5-9910-2FE5A50CA4EB} = {623DA544-D9C6-4E4A-9E00-591F0052F4D2}
		{3ACBBEC6-2736-4882-A10F-E1E4192B421A} = {623DA544-D9C6-4E4A-9E00-591F0052F4D2}
		{56EF109F-5894-46D1-B081-E5CE9E68FAF5} = {623DA544-D9C6-4E4A-9E00-591F0052F4D2}
		{DC16537F-C2A9-4342-B9E9-F521BEAAEA4E} = {623DA544-D9C6-4E4A-9E00-591F0052F4D2}
		{C279EEBE-7769-4D89-B731-45DBBC5997F3} = {623DA544-D9C6-4E4A-9E00-591F0052F4D2}
		{3D4D1E5D-366B-43F1-8663-91BD543F5C5E} = {623DA544-D9C6-4E4A-9E00-591F0052F4D2}
		{5E77C71B-C2DF-43D8-9CCC-420625899E0F} = {623DA544-D9C6-4E4A-9E00-591F0052F4D2}
		{03CDC407-352F-4AE2-8D5C-0A5B790DA3A8} = {623DA544-D9C6-4E4A-9E00-591F0052F4D2}
		{08C483BC-C61A-4963-84F8-DBA47DD22DA8} = {623DA544-D9C6-4E4A-9E00-591F0052F4D2}
		{D45347EA-9118-4D92-8792-FBE9885F4AA0} = {3C567E0B-D4B5-4C8C-B11D-D574355EA3AB}
		{4AAB5CEC-073C-4BDA-971F-270324E3C75D} = {3C567E0B-D4B5-4C8C-B11D-D574355EA3AB}
		{3FDC58F0-4D58-4075-91F3-6E9A9029A574} = {623DA544-D9C6-4E4A-9E00-591F0052F4D2}
		{F247AD39-234C-4179-98E2-7F85995EC8E3} = {3C567E0B-D4B5-4C8C-B11D-D574355EA3AB}
		{BF281EF1-51AE-485C-9CE7-E9C51B5ECE8E} = {3C567E0B-D4B5-4C8C-B11D-D574355EA3AB}
		{D69A6FD6-09BC-457F-8016-9E644D3B99BE} = {623DA544-D9C6-4E4A-9E00-591F0052F4D2}
		{4270E231-DEA9-4A89-A967-784BF3041EF4} = {3C567E0B-D4B5-4C8C-B11D-D574355EA3AB}
		{D2D6615B-C407-44D4-AEE7-7FC50BB57B01} = {3C567E0B-D4B5-4C8C-B11D-D574355EA3AB}
	EndGlobalSection
	GlobalSection(ExtensibilityGlobals) = postSolution
		SolutionGuid = {A7DEA24D-20A3-45F8-BC3E-FFA710AD7EA9}
	EndGlobalSection
EndGlobal
