
Microsoft Visual Studio Solution File, Format Version 12.00
# Visual Studio 15
VisualStudioVersion = 15.0.26730.16
MinimumVisualStudioVersion = 10.0.40219.1
Project("{2150E333-8FDC-42A3-9474-1A3956D46DE8}") = "PAL", "PAL", "{3C567E0B-D4B5-4C8C-B11D-D574355EA3AB}"
EndProject
Project("{2150E333-8FDC-42A3-9474-1A3956D46DE8}") = "BAL", "BAL", "{623DA544-D9C6-4E4A-9E00-591F0052F4D2}"
EndProject
Project("{2150E333-8FDC-42A3-9474-1A3956D46DE8}") = "DAL", "DAL", "{05FB3A5A-2181-4133-9CC5-13F835CE3BB9}"
EndProject
Project("{FAE04EC0-301F-11D3-BF4B-00C04F79EFBC}") = "TextAnalysisAPI", "TextAnalysisAPI\TextAnalysisAPI.csproj", "{EC3E83DB-3CD1-40DD-BFD4-9915E0E8FFCA}"
EndProject
Project("{FAE04EC0-301F-11D3-BF4B-00C04F79EFBC}") = "Gilliland_Sentiment", "Gilliland_Sentiment\Gilliland_Sentiment.csproj", "{D2D6615B-C407-44D4-AEE7-7FC50BB57B01}"
EndProject
Global
	GlobalSection(SolutionConfigurationPlatforms) = preSolution
		Debug|Any CPU = Debug|Any CPU
		Release|Any CPU = Release|Any CPU
	EndGlobalSection
	GlobalSection(ProjectConfigurationPlatforms) = postSolution
		{EC3E83DB-3CD1-40DD-BFD4-9915E0E8FFCA}.Debug|Any CPU.ActiveCfg = Debug|Any CPU
		{EC3E83DB-3CD1-40DD-BFD4-9915E0E8FFCA}.Debug|Any CPU.Build.0 = Debug|Any CPU
		{EC3E83DB-3CD1-40DD-BFD4-9915E0E8FFCA}.Release|Any CPU.ActiveCfg = Release|Any CPU
		{EC3E83DB-3CD1-40DD-BFD4-9915E0E8FFCA}.Release|Any CPU.Build.0 = Release|Any CPU
		{D2D6615B-C407-44D4-AEE7-7FC50BB57B01}.Debug|Any CPU.ActiveCfg = Debug|Any CPU
		{D2D6615B-C407-44D4-AEE7-7FC50BB57B01}.Release|Any CPU.ActiveCfg = Release|Any CPU
		{D2D6615B-C407-44D4-AEE7-7FC50BB57B01}.Release|Any CPU.Build.0 = Release|Any CPU
	EndGlobalSection
	GlobalSection(SolutionProperties) = preSolution
		HideSolutionNode = FALSE
	EndGlobalSection
	GlobalSection(NestedProjects) = preSolution
		{EC3E83DB-3CD1-40DD-BFD4-9915E0E8FFCA} = {623DA544-D9C6-4E4A-9E00-591F0052F4D2}
		{D2D6615B-C407-44D4-AEE7-7FC50BB57B01} = {3C567E0B-D4B5-4C8C-B11D-D574355EA3AB}
	EndGlobalSection
	GlobalSection(ExtensibilityGlobals) = postSolution
		SolutionGuid = {A7DEA24D-20A3-45F8-BC3E-FFA710AD7EA9}
	EndGlobalSection
EndGlobal
